// !$*UTF8*$!
{
	archiveVersion = 1;
	classes = {
	};
	objectVersion = 56;
	objects = {

/* Begin PBXBuildFile section */
		4C44E7C42AC088270045DBAC /* SWAPIApp.swift in Sources */ = {isa = PBXBuildFile; fileRef = 4C44E7C32AC088270045DBAC /* SWAPIApp.swift */; };
		4C44E7C62AC088270045DBAC /* ContentView.swift in Sources */ = {isa = PBXBuildFile; fileRef = 4C44E7C52AC088270045DBAC /* ContentView.swift */; };
		4C44E7C82AC088280045DBAC /* Assets.xcassets in Resources */ = {isa = PBXBuildFile; fileRef = 4C44E7C72AC088280045DBAC /* Assets.xcassets */; };
		4C44E7CB2AC088280045DBAC /* Preview Assets.xcassets in Resources */ = {isa = PBXBuildFile; fileRef = 4C44E7CA2AC088280045DBAC /* Preview Assets.xcassets */; };
		4C44E7D52AC088290045DBAC /* SWAPITests.swift in Sources */ = {isa = PBXBuildFile; fileRef = 4C44E7D42AC088290045DBAC /* SWAPITests.swift */; };
		4C44E7DF2AC088290045DBAC /* SWAPIUITests.swift in Sources */ = {isa = PBXBuildFile; fileRef = 4C44E7DE2AC088290045DBAC /* SWAPIUITests.swift */; };
		4C44E7E12AC088290045DBAC /* SWAPIUITestsLaunchTests.swift in Sources */ = {isa = PBXBuildFile; fileRef = 4C44E7E02AC088290045DBAC /* SWAPIUITestsLaunchTests.swift */; };
		4C44E7EF2AC089630045DBAC /* API.swift in Sources */ = {isa = PBXBuildFile; fileRef = 4C44E7EE2AC089630045DBAC /* API.swift */; };
		4C44E7F22AC090BB0045DBAC /* Endpoint.swift in Sources */ = {isa = PBXBuildFile; fileRef = 4C44E7F12AC090BB0045DBAC /* Endpoint.swift */; };
		4C44E7F52AC0A43A0045DBAC /* Model+Protocols.swift in Sources */ = {isa = PBXBuildFile; fileRef = 4C44E7F42AC0A43A0045DBAC /* Model+Protocols.swift */; };
		4C44E7F72AC0A4C50045DBAC /* Person.swift in Sources */ = {isa = PBXBuildFile; fileRef = 4C44E7F62AC0A4C50045DBAC /* Person.swift */; };
		4C44E7F92AC0AE4C0045DBAC /* SearchResult.swift in Sources */ = {isa = PBXBuildFile; fileRef = 4C44E7F82AC0AE4C0045DBAC /* SearchResult.swift */; };
		4C44E7FB2AC0C94D0045DBAC /* Film.swift in Sources */ = {isa = PBXBuildFile; fileRef = 4C44E7FA2AC0C94D0045DBAC /* Film.swift */; };
		4C44E7FE2AC0CB570045DBAC /* PeopleListView.swift in Sources */ = {isa = PBXBuildFile; fileRef = 4C44E7FD2AC0CB570045DBAC /* PeopleListView.swift */; };
		4C44E8002AC0D29D0045DBAC /* PersonOverviewView.swift in Sources */ = {isa = PBXBuildFile; fileRef = 4C44E7FF2AC0D29D0045DBAC /* PersonOverviewView.swift */; };
		4C44E8082AC0D8960045DBAC /* FilmListView.swift in Sources */ = {isa = PBXBuildFile; fileRef = 4C44E8072AC0D8960045DBAC /* FilmListView.swift */; };
		4C44E80A2AC0ECDA0045DBAC /* LoadingList.swift in Sources */ = {isa = PBXBuildFile; fileRef = 4C44E8092AC0ECDA0045DBAC /* LoadingList.swift */; };
		4C44E80C2AC0F4850045DBAC /* Starship.swift in Sources */ = {isa = PBXBuildFile; fileRef = 4C44E80B2AC0F4850045DBAC /* Starship.swift */; };
		4C44E80E2AC0F4F30045DBAC /* Vehicle.swift in Sources */ = {isa = PBXBuildFile; fileRef = 4C44E80D2AC0F4F30045DBAC /* Vehicle.swift */; };
		4C44E8102AC0F59F0045DBAC /* Species.swift in Sources */ = {isa = PBXBuildFile; fileRef = 4C44E80F2AC0F59F0045DBAC /* Species.swift */; };
		4C44E8122AC0F5E70045DBAC /* Planet.swift in Sources */ = {isa = PBXBuildFile; fileRef = 4C44E8112AC0F5E70045DBAC /* Planet.swift */; };
		4C44E8142AC0F87F0045DBAC /* StarshipListView.swift in Sources */ = {isa = PBXBuildFile; fileRef = 4C44E8132AC0F87F0045DBAC /* StarshipListView.swift */; };
		4C44E8162AC0F9010045DBAC /* VehicleListView.swift in Sources */ = {isa = PBXBuildFile; fileRef = 4C44E8152AC0F9010045DBAC /* VehicleListView.swift */; };
		4C44E8182AC0F9520045DBAC /* SpeciesListView.swift in Sources */ = {isa = PBXBuildFile; fileRef = 4C44E8172AC0F9520045DBAC /* SpeciesListView.swift */; };
		4C44E81A2AC0F96F0045DBAC /* PlanetListView.swift in Sources */ = {isa = PBXBuildFile; fileRef = 4C44E8192AC0F96F0045DBAC /* PlanetListView.swift */; };
		4C44E81C2AC0FF110045DBAC /* FilmOverviewView.swift in Sources */ = {isa = PBXBuildFile; fileRef = 4C44E81B2AC0FF110045DBAC /* FilmOverviewView.swift */; };
		4C44E81E2AC101140045DBAC /* StarshipOverviewView.swift in Sources */ = {isa = PBXBuildFile; fileRef = 4C44E81D2AC101140045DBAC /* StarshipOverviewView.swift */; };
		4C44E8202AC101460045DBAC /* VehicleOverviewView.swift in Sources */ = {isa = PBXBuildFile; fileRef = 4C44E81F2AC101460045DBAC /* VehicleOverviewView.swift */; };
		4C44E8222AC1016A0045DBAC /* SpeciesOverviewView.swift in Sources */ = {isa = PBXBuildFile; fileRef = 4C44E8212AC1016A0045DBAC /* SpeciesOverviewView.swift */; };
		4C44E8242AC101970045DBAC /* PlanetOverviewView.swift in Sources */ = {isa = PBXBuildFile; fileRef = 4C44E8232AC101970045DBAC /* PlanetOverviewView.swift */; };
		4C44E8262AC104060045DBAC /* Navigation.swift in Sources */ = {isa = PBXBuildFile; fileRef = 4C44E8252AC104060045DBAC /* Navigation.swift */; };
		4C44E8282AC107D40045DBAC /* ListView.swift in Sources */ = {isa = PBXBuildFile; fileRef = 4C44E8272AC107D40045DBAC /* ListView.swift */; };
		4C44E82E2AC11C230045DBAC /* Cache.swift in Sources */ = {isa = PBXBuildFile; fileRef = 4C44E82D2AC11C230045DBAC /* Cache.swift */; };
		4C44E8302AC134380045DBAC /* NoResultsView.swift in Sources */ = {isa = PBXBuildFile; fileRef = 4C44E82F2AC134380045DBAC /* NoResultsView.swift */; };
		4C44E8362AC14AC30045DBAC /* Sequence+Async.swift in Sources */ = {isa = PBXBuildFile; fileRef = 4C44E8352AC14AC30045DBAC /* Sequence+Async.swift */; };
		4C44E8382AC14D3E0045DBAC /* LoadingSection.swift in Sources */ = {isa = PBXBuildFile; fileRef = 4C44E8372AC14D3E0045DBAC /* LoadingSection.swift */; };
		4C44E83A2AC159710045DBAC /* InfoRow.swift in Sources */ = {isa = PBXBuildFile; fileRef = 4C44E8392AC159710045DBAC /* InfoRow.swift */; };
/* End PBXBuildFile section */

/* Begin PBXContainerItemProxy section */
		4C44E7D12AC088280045DBAC /* PBXContainerItemProxy */ = {
			isa = PBXContainerItemProxy;
			containerPortal = 4C44E7B82AC088270045DBAC /* Project object */;
			proxyType = 1;
			remoteGlobalIDString = 4C44E7BF2AC088270045DBAC;
			remoteInfo = SWAPI;
		};
		4C44E7DB2AC088290045DBAC /* PBXContainerItemProxy */ = {
			isa = PBXContainerItemProxy;
			containerPortal = 4C44E7B82AC088270045DBAC /* Project object */;
			proxyType = 1;
			remoteGlobalIDString = 4C44E7BF2AC088270045DBAC;
			remoteInfo = SWAPI;
		};
/* End PBXContainerItemProxy section */

/* Begin PBXFileReference section */
		4C44E7C02AC088270045DBAC /* SWAPI.app */ = {isa = PBXFileReference; explicitFileType = wrapper.application; includeInIndex = 0; path = SWAPI.app; sourceTree = BUILT_PRODUCTS_DIR; };
		4C44E7C32AC088270045DBAC /* SWAPIApp.swift */ = {isa = PBXFileReference; lastKnownFileType = sourcecode.swift; path = SWAPIApp.swift; sourceTree = "<group>"; };
		4C44E7C52AC088270045DBAC /* ContentView.swift */ = {isa = PBXFileReference; lastKnownFileType = sourcecode.swift; path = ContentView.swift; sourceTree = "<group>"; };
		4C44E7C72AC088280045DBAC /* Assets.xcassets */ = {isa = PBXFileReference; lastKnownFileType = folder.assetcatalog; path = Assets.xcassets; sourceTree = "<group>"; };
		4C44E7CA2AC088280045DBAC /* Preview Assets.xcassets */ = {isa = PBXFileReference; lastKnownFileType = folder.assetcatalog; path = "Preview Assets.xcassets"; sourceTree = "<group>"; };
		4C44E7D02AC088280045DBAC /* SWAPITests.xctest */ = {isa = PBXFileReference; explicitFileType = wrapper.cfbundle; includeInIndex = 0; path = SWAPITests.xctest; sourceTree = BUILT_PRODUCTS_DIR; };
		4C44E7D42AC088290045DBAC /* SWAPITests.swift */ = {isa = PBXFileReference; lastKnownFileType = sourcecode.swift; path = SWAPITests.swift; sourceTree = "<group>"; };
		4C44E7DA2AC088290045DBAC /* SWAPIUITests.xctest */ = {isa = PBXFileReference; explicitFileType = wrapper.cfbundle; includeInIndex = 0; path = SWAPIUITests.xctest; sourceTree = BUILT_PRODUCTS_DIR; };
		4C44E7DE2AC088290045DBAC /* SWAPIUITests.swift */ = {isa = PBXFileReference; lastKnownFileType = sourcecode.swift; path = SWAPIUITests.swift; sourceTree = "<group>"; };
		4C44E7E02AC088290045DBAC /* SWAPIUITestsLaunchTests.swift */ = {isa = PBXFileReference; lastKnownFileType = sourcecode.swift; path = SWAPIUITestsLaunchTests.swift; sourceTree = "<group>"; };
		4C44E7EE2AC089630045DBAC /* API.swift */ = {isa = PBXFileReference; lastKnownFileType = sourcecode.swift; path = API.swift; sourceTree = "<group>"; };
		4C44E7F12AC090BB0045DBAC /* Endpoint.swift */ = {isa = PBXFileReference; lastKnownFileType = sourcecode.swift; path = Endpoint.swift; sourceTree = "<group>"; };
		4C44E7F42AC0A43A0045DBAC /* Model+Protocols.swift */ = {isa = PBXFileReference; lastKnownFileType = sourcecode.swift; path = "Model+Protocols.swift"; sourceTree = "<group>"; };
		4C44E7F62AC0A4C50045DBAC /* Person.swift */ = {isa = PBXFileReference; lastKnownFileType = sourcecode.swift; path = Person.swift; sourceTree = "<group>"; };
		4C44E7F82AC0AE4C0045DBAC /* SearchResult.swift */ = {isa = PBXFileReference; lastKnownFileType = sourcecode.swift; path = SearchResult.swift; sourceTree = "<group>"; };
		4C44E7FA2AC0C94D0045DBAC /* Film.swift */ = {isa = PBXFileReference; lastKnownFileType = sourcecode.swift; path = Film.swift; sourceTree = "<group>"; };
		4C44E7FD2AC0CB570045DBAC /* PeopleListView.swift */ = {isa = PBXFileReference; lastKnownFileType = sourcecode.swift; path = PeopleListView.swift; sourceTree = "<group>"; };
		4C44E7FF2AC0D29D0045DBAC /* PersonOverviewView.swift */ = {isa = PBXFileReference; lastKnownFileType = sourcecode.swift; path = PersonOverviewView.swift; sourceTree = "<group>"; };
		4C44E8072AC0D8960045DBAC /* FilmListView.swift */ = {isa = PBXFileReference; lastKnownFileType = sourcecode.swift; path = FilmListView.swift; sourceTree = "<group>"; };
		4C44E8092AC0ECDA0045DBAC /* LoadingList.swift */ = {isa = PBXFileReference; lastKnownFileType = sourcecode.swift; path = LoadingList.swift; sourceTree = "<group>"; };
		4C44E80B2AC0F4850045DBAC /* Starship.swift */ = {isa = PBXFileReference; lastKnownFileType = sourcecode.swift; path = Starship.swift; sourceTree = "<group>"; };
		4C44E80D2AC0F4F30045DBAC /* Vehicle.swift */ = {isa = PBXFileReference; lastKnownFileType = sourcecode.swift; path = Vehicle.swift; sourceTree = "<group>"; };
		4C44E80F2AC0F59F0045DBAC /* Species.swift */ = {isa = PBXFileReference; lastKnownFileType = sourcecode.swift; path = Species.swift; sourceTree = "<group>"; };
		4C44E8112AC0F5E70045DBAC /* Planet.swift */ = {isa = PBXFileReference; lastKnownFileType = sourcecode.swift; path = Planet.swift; sourceTree = "<group>"; };
		4C44E8132AC0F87F0045DBAC /* StarshipListView.swift */ = {isa = PBXFileReference; lastKnownFileType = sourcecode.swift; path = StarshipListView.swift; sourceTree = "<group>"; };
		4C44E8152AC0F9010045DBAC /* VehicleListView.swift */ = {isa = PBXFileReference; lastKnownFileType = sourcecode.swift; path = VehicleListView.swift; sourceTree = "<group>"; };
		4C44E8172AC0F9520045DBAC /* SpeciesListView.swift */ = {isa = PBXFileReference; lastKnownFileType = sourcecode.swift; path = SpeciesListView.swift; sourceTree = "<group>"; };
		4C44E8192AC0F96F0045DBAC /* PlanetListView.swift */ = {isa = PBXFileReference; lastKnownFileType = sourcecode.swift; path = PlanetListView.swift; sourceTree = "<group>"; };
		4C44E81B2AC0FF110045DBAC /* FilmOverviewView.swift */ = {isa = PBXFileReference; lastKnownFileType = sourcecode.swift; path = FilmOverviewView.swift; sourceTree = "<group>"; };
		4C44E81D2AC101140045DBAC /* StarshipOverviewView.swift */ = {isa = PBXFileReference; lastKnownFileType = sourcecode.swift; path = StarshipOverviewView.swift; sourceTree = "<group>"; };
		4C44E81F2AC101460045DBAC /* VehicleOverviewView.swift */ = {isa = PBXFileReference; lastKnownFileType = sourcecode.swift; path = VehicleOverviewView.swift; sourceTree = "<group>"; };
		4C44E8212AC1016A0045DBAC /* SpeciesOverviewView.swift */ = {isa = PBXFileReference; lastKnownFileType = sourcecode.swift; path = SpeciesOverviewView.swift; sourceTree = "<group>"; };
		4C44E8232AC101970045DBAC /* PlanetOverviewView.swift */ = {isa = PBXFileReference; lastKnownFileType = sourcecode.swift; path = PlanetOverviewView.swift; sourceTree = "<group>"; };
		4C44E8252AC104060045DBAC /* Navigation.swift */ = {isa = PBXFileReference; lastKnownFileType = sourcecode.swift; path = Navigation.swift; sourceTree = "<group>"; };
		4C44E8272AC107D40045DBAC /* ListView.swift */ = {isa = PBXFileReference; lastKnownFileType = sourcecode.swift; path = ListView.swift; sourceTree = "<group>"; };
		4C44E82D2AC11C230045DBAC /* Cache.swift */ = {isa = PBXFileReference; lastKnownFileType = sourcecode.swift; path = Cache.swift; sourceTree = "<group>"; };
		4C44E82F2AC134380045DBAC /* NoResultsView.swift */ = {isa = PBXFileReference; lastKnownFileType = sourcecode.swift; path = NoResultsView.swift; sourceTree = "<group>"; };
		4C44E8352AC14AC30045DBAC /* Sequence+Async.swift */ = {isa = PBXFileReference; lastKnownFileType = sourcecode.swift; path = "Sequence+Async.swift"; sourceTree = "<group>"; };
		4C44E8372AC14D3E0045DBAC /* LoadingSection.swift */ = {isa = PBXFileReference; lastKnownFileType = sourcecode.swift; path = LoadingSection.swift; sourceTree = "<group>"; };
		4C44E8392AC159710045DBAC /* InfoRow.swift */ = {isa = PBXFileReference; lastKnownFileType = sourcecode.swift; path = InfoRow.swift; sourceTree = "<group>"; };
/* End PBXFileReference section */

/* Begin PBXFrameworksBuildPhase section */
		4C44E7BD2AC088270045DBAC /* Frameworks */ = {
			isa = PBXFrameworksBuildPhase;
			buildActionMask = 2147483647;
			files = (
			);
			runOnlyForDeploymentPostprocessing = 0;
		};
		4C44E7CD2AC088280045DBAC /* Frameworks */ = {
			isa = PBXFrameworksBuildPhase;
			buildActionMask = 2147483647;
			files = (
			);
			runOnlyForDeploymentPostprocessing = 0;
		};
		4C44E7D72AC088290045DBAC /* Frameworks */ = {
			isa = PBXFrameworksBuildPhase;
			buildActionMask = 2147483647;
			files = (
			);
			runOnlyForDeploymentPostprocessing = 0;
		};
/* End PBXFrameworksBuildPhase section */

/* Begin PBXGroup section */
		4C44E7B72AC088270045DBAC = {
			isa = PBXGroup;
			children = (
				4C44E7C22AC088270045DBAC /* SWAPI */,
				4C44E7D32AC088290045DBAC /* SWAPITests */,
				4C44E7DD2AC088290045DBAC /* SWAPIUITests */,
				4C44E7C12AC088270045DBAC /* Products */,
			);
			sourceTree = "<group>";
		};
		4C44E7C12AC088270045DBAC /* Products */ = {
			isa = PBXGroup;
			children = (
				4C44E7C02AC088270045DBAC /* SWAPI.app */,
				4C44E7D02AC088280045DBAC /* SWAPITests.xctest */,
				4C44E7DA2AC088290045DBAC /* SWAPIUITests.xctest */,
			);
			name = Products;
			sourceTree = "<group>";
		};
		4C44E7C22AC088270045DBAC /* SWAPI */ = {
			isa = PBXGroup;
			children = (
				4C44E7C32AC088270045DBAC /* SWAPIApp.swift */,
				4C44E7C52AC088270045DBAC /* ContentView.swift */,
				4C44E82B2AC11BF50045DBAC /* Navigation */,
				4C44E7F32AC0A4270045DBAC /* Models */,
				4C44E8062AC0D5D70045DBAC /* Views */,
				4C44E8342AC14AAE0045DBAC /* Extensions */,
				4C44E82C2AC11C070045DBAC /* Cache */,
				4C44E7F02AC08A290045DBAC /* API */,
				4C44E7C92AC088280045DBAC /* Preview Content */,
				4C44E7C72AC088280045DBAC /* Assets.xcassets */,
			);
			path = SWAPI;
			sourceTree = "<group>";
		};
		4C44E7C92AC088280045DBAC /* Preview Content */ = {
			isa = PBXGroup;
			children = (
				4C44E7CA2AC088280045DBAC /* Preview Assets.xcassets */,
			);
			path = "Preview Content";
			sourceTree = "<group>";
		};
		4C44E7D32AC088290045DBAC /* SWAPITests */ = {
			isa = PBXGroup;
			children = (
				4C44E7D42AC088290045DBAC /* SWAPITests.swift */,
			);
			path = SWAPITests;
			sourceTree = "<group>";
		};
		4C44E7DD2AC088290045DBAC /* SWAPIUITests */ = {
			isa = PBXGroup;
			children = (
				4C44E7DE2AC088290045DBAC /* SWAPIUITests.swift */,
				4C44E7E02AC088290045DBAC /* SWAPIUITestsLaunchTests.swift */,
			);
			path = SWAPIUITests;
			sourceTree = "<group>";
		};
		4C44E7F02AC08A290045DBAC /* API */ = {
			isa = PBXGroup;
			children = (
				4C44E7EE2AC089630045DBAC /* API.swift */,
				4C44E7F12AC090BB0045DBAC /* Endpoint.swift */,
			);
			path = API;
			sourceTree = "<group>";
		};
		4C44E7F32AC0A4270045DBAC /* Models */ = {
			isa = PBXGroup;
			children = (
				4C44E7F42AC0A43A0045DBAC /* Model+Protocols.swift */,
				4C44E7F82AC0AE4C0045DBAC /* SearchResult.swift */,
				4C44E7F62AC0A4C50045DBAC /* Person.swift */,
				4C44E7FA2AC0C94D0045DBAC /* Film.swift */,
				4C44E80B2AC0F4850045DBAC /* Starship.swift */,
				4C44E80D2AC0F4F30045DBAC /* Vehicle.swift */,
				4C44E80F2AC0F59F0045DBAC /* Species.swift */,
				4C44E8112AC0F5E70045DBAC /* Planet.swift */,
			);
			path = Models;
			sourceTree = "<group>";
		};
		4C44E7FC2AC0CB480045DBAC /* People */ = {
			isa = PBXGroup;
			children = (
				4C44E7FD2AC0CB570045DBAC /* PeopleListView.swift */,
				4C44E7FF2AC0D29D0045DBAC /* PersonOverviewView.swift */,
			);
			path = People;
			sourceTree = "<group>";
		};
		4C44E8012AC0D5410045DBAC /* Films */ = {
			isa = PBXGroup;
			children = (
				4C44E8072AC0D8960045DBAC /* FilmListView.swift */,
				4C44E81B2AC0FF110045DBAC /* FilmOverviewView.swift */,
			);
			path = Films;
			sourceTree = "<group>";
		};
		4C44E8022AC0D5900045DBAC /* Starships */ = {
			isa = PBXGroup;
			children = (
				4C44E8132AC0F87F0045DBAC /* StarshipListView.swift */,
				4C44E81D2AC101140045DBAC /* StarshipOverviewView.swift */,
			);
			path = Starships;
			sourceTree = "<group>";
		};
		4C44E8032AC0D5980045DBAC /* Vehicles */ = {
			isa = PBXGroup;
			children = (
				4C44E8152AC0F9010045DBAC /* VehicleListView.swift */,
				4C44E81F2AC101460045DBAC /* VehicleOverviewView.swift */,
			);
			path = Vehicles;
			sourceTree = "<group>";
		};
		4C44E8042AC0D5A80045DBAC /* Planets */ = {
			isa = PBXGroup;
			children = (
				4C44E8192AC0F96F0045DBAC /* PlanetListView.swift */,
				4C44E8232AC101970045DBAC /* PlanetOverviewView.swift */,
			);
			path = Planets;
			sourceTree = "<group>";
		};
		4C44E8052AC0D5B40045DBAC /* Species */ = {
			isa = PBXGroup;
			children = (
				4C44E8172AC0F9520045DBAC /* SpeciesListView.swift */,
				4C44E8212AC1016A0045DBAC /* SpeciesOverviewView.swift */,
			);
			path = Species;
			sourceTree = "<group>";
		};
		4C44E8062AC0D5D70045DBAC /* Views */ = {
			isa = PBXGroup;
			children = (
				4C8106DB2AC179CB00C05CAD /* Helper */,
				4C44E7FC2AC0CB480045DBAC /* People */,
				4C44E8012AC0D5410045DBAC /* Films */,
				4C44E8022AC0D5900045DBAC /* Starships */,
				4C44E8032AC0D5980045DBAC /* Vehicles */,
				4C44E8052AC0D5B40045DBAC /* Species */,
				4C44E8042AC0D5A80045DBAC /* Planets */,
			);
			path = Views;
			sourceTree = "<group>";
		};
		4C44E82B2AC11BF50045DBAC /* Navigation */ = {
			isa = PBXGroup;
			children = (
				4C44E8252AC104060045DBAC /* Navigation.swift */,
			);
			path = Navigation;
			sourceTree = "<group>";
		};
		4C44E82C2AC11C070045DBAC /* Cache */ = {
			isa = PBXGroup;
			children = (
				4C44E82D2AC11C230045DBAC /* Cache.swift */,
			);
			path = Cache;
			sourceTree = "<group>";
		};
		4C44E8342AC14AAE0045DBAC /* Extensions */ = {
			isa = PBXGroup;
			children = (
				4C44E8352AC14AC30045DBAC /* Sequence+Async.swift */,
			);
			path = Extensions;
			sourceTree = "<group>";
		};
		4C8106DB2AC179CB00C05CAD /* Helper */ = {
			isa = PBXGroup;
			children = (
				4C44E8272AC107D40045DBAC /* ListView.swift */,
				4C44E8092AC0ECDA0045DBAC /* LoadingList.swift */,
				4C44E8392AC159710045DBAC /* InfoRow.swift */,
				4C44E8372AC14D3E0045DBAC /* LoadingSection.swift */,
				4C44E82F2AC134380045DBAC /* NoResultsView.swift */,
			);
			path = Helper;
			sourceTree = "<group>";
		};
/* End PBXGroup section */

/* Begin PBXNativeTarget section */
		4C44E7BF2AC088270045DBAC /* SWAPI */ = {
			isa = PBXNativeTarget;
			buildConfigurationList = 4C44E7E42AC088290045DBAC /* Build configuration list for PBXNativeTarget "SWAPI" */;
			buildPhases = (
				4C44E7BC2AC088270045DBAC /* Sources */,
				4C44E7BD2AC088270045DBAC /* Frameworks */,
				4C44E7BE2AC088270045DBAC /* Resources */,
				4C44E7ED2AC088E60045DBAC /* SwiftLint */,
			);
			buildRules = (
			);
			dependencies = (
			);
			name = SWAPI;
			productName = SWAPI;
			productReference = 4C44E7C02AC088270045DBAC /* SWAPI.app */;
			productType = "com.apple.product-type.application";
		};
		4C44E7CF2AC088280045DBAC /* SWAPITests */ = {
			isa = PBXNativeTarget;
			buildConfigurationList = 4C44E7E72AC088290045DBAC /* Build configuration list for PBXNativeTarget "SWAPITests" */;
			buildPhases = (
				4C44E7CC2AC088280045DBAC /* Sources */,
				4C44E7CD2AC088280045DBAC /* Frameworks */,
				4C44E7CE2AC088280045DBAC /* Resources */,
			);
			buildRules = (
			);
			dependencies = (
				4C44E7D22AC088280045DBAC /* PBXTargetDependency */,
			);
			name = SWAPITests;
			productName = SWAPITests;
			productReference = 4C44E7D02AC088280045DBAC /* SWAPITests.xctest */;
			productType = "com.apple.product-type.bundle.unit-test";
		};
		4C44E7D92AC088290045DBAC /* SWAPIUITests */ = {
			isa = PBXNativeTarget;
			buildConfigurationList = 4C44E7EA2AC088290045DBAC /* Build configuration list for PBXNativeTarget "SWAPIUITests" */;
			buildPhases = (
				4C44E7D62AC088290045DBAC /* Sources */,
				4C44E7D72AC088290045DBAC /* Frameworks */,
				4C44E7D82AC088290045DBAC /* Resources */,
			);
			buildRules = (
			);
			dependencies = (
				4C44E7DC2AC088290045DBAC /* PBXTargetDependency */,
			);
			name = SWAPIUITests;
			productName = SWAPIUITests;
			productReference = 4C44E7DA2AC088290045DBAC /* SWAPIUITests.xctest */;
			productType = "com.apple.product-type.bundle.ui-testing";
		};
/* End PBXNativeTarget section */

/* Begin PBXProject section */
		4C44E7B82AC088270045DBAC /* Project object */ = {
			isa = PBXProject;
			attributes = {
				BuildIndependentTargetsInParallel = 1;
				LastSwiftUpdateCheck = 1430;
				LastUpgradeCheck = 1430;
				TargetAttributes = {
					4C44E7BF2AC088270045DBAC = {
						CreatedOnToolsVersion = 14.3.1;
					};
					4C44E7CF2AC088280045DBAC = {
						CreatedOnToolsVersion = 14.3.1;
						TestTargetID = 4C44E7BF2AC088270045DBAC;
					};
					4C44E7D92AC088290045DBAC = {
						CreatedOnToolsVersion = 14.3.1;
						TestTargetID = 4C44E7BF2AC088270045DBAC;
					};
				};
			};
			buildConfigurationList = 4C44E7BB2AC088270045DBAC /* Build configuration list for PBXProject "SWAPI" */;
			compatibilityVersion = "Xcode 14.0";
			developmentRegion = en;
			hasScannedForEncodings = 0;
			knownRegions = (
				en,
				Base,
			);
			mainGroup = 4C44E7B72AC088270045DBAC;
			productRefGroup = 4C44E7C12AC088270045DBAC /* Products */;
			projectDirPath = "";
			projectRoot = "";
			targets = (
				4C44E7BF2AC088270045DBAC /* SWAPI */,
				4C44E7CF2AC088280045DBAC /* SWAPITests */,
				4C44E7D92AC088290045DBAC /* SWAPIUITests */,
			);
		};
/* End PBXProject section */

/* Begin PBXResourcesBuildPhase section */
		4C44E7BE2AC088270045DBAC /* Resources */ = {
			isa = PBXResourcesBuildPhase;
			buildActionMask = 2147483647;
			files = (
				4C44E7CB2AC088280045DBAC /* Preview Assets.xcassets in Resources */,
				4C44E7C82AC088280045DBAC /* Assets.xcassets in Resources */,
			);
			runOnlyForDeploymentPostprocessing = 0;
		};
		4C44E7CE2AC088280045DBAC /* Resources */ = {
			isa = PBXResourcesBuildPhase;
			buildActionMask = 2147483647;
			files = (
			);
			runOnlyForDeploymentPostprocessing = 0;
		};
		4C44E7D82AC088290045DBAC /* Resources */ = {
			isa = PBXResourcesBuildPhase;
			buildActionMask = 2147483647;
			files = (
			);
			runOnlyForDeploymentPostprocessing = 0;
		};
/* End PBXResourcesBuildPhase section */

/* Begin PBXShellScriptBuildPhase section */
		4C44E7ED2AC088E60045DBAC /* SwiftLint */ = {
			isa = PBXShellScriptBuildPhase;
			alwaysOutOfDate = 1;
			buildActionMask = 2147483647;
			files = (
			);
			inputFileListPaths = (
			);
			inputPaths = (
			);
			name = SwiftLint;
			outputFileListPaths = (
			);
			outputPaths = (
			);
			runOnlyForDeploymentPostprocessing = 0;
			shellPath = /bin/sh;
			shellScript = "if [[ \"$(uname -m)\" == arm64 ]]; then\n    export PATH=\"/opt/homebrew/bin:$PATH\"\nfi\n\nif which swiftlint > /dev/null; then\n  swiftlint\nelse\n  echo \"warning: SwiftLint not installed, download from https://github.com/realm/SwiftLint\"\nfi\n";
		};
/* End PBXShellScriptBuildPhase section */

/* Begin PBXSourcesBuildPhase section */
		4C44E7BC2AC088270045DBAC /* Sources */ = {
			isa = PBXSourcesBuildPhase;
			buildActionMask = 2147483647;
			files = (
				4C44E7C62AC088270045DBAC /* ContentView.swift in Sources */,
				4C44E7FB2AC0C94D0045DBAC /* Film.swift in Sources */,
				4C44E7F52AC0A43A0045DBAC /* Model+Protocols.swift in Sources */,
				4C44E8382AC14D3E0045DBAC /* LoadingSection.swift in Sources */,
				4C44E7EF2AC089630045DBAC /* API.swift in Sources */,
				4C44E7F22AC090BB0045DBAC /* Endpoint.swift in Sources */,
				4C44E7F72AC0A4C50045DBAC /* Person.swift in Sources */,
				4C44E8082AC0D8960045DBAC /* FilmListView.swift in Sources */,
				4C44E83A2AC159710045DBAC /* InfoRow.swift in Sources */,
				4C44E8002AC0D29D0045DBAC /* PersonOverviewView.swift in Sources */,
				4C44E7C42AC088270045DBAC /* SWAPIApp.swift in Sources */,
				4C44E8262AC104060045DBAC /* Navigation.swift in Sources */,
				4C44E8142AC0F87F0045DBAC /* StarshipListView.swift in Sources */,
				4C44E80C2AC0F4850045DBAC /* Starship.swift in Sources */,
				4C44E81C2AC0FF110045DBAC /* FilmOverviewView.swift in Sources */,
				4C44E80A2AC0ECDA0045DBAC /* LoadingList.swift in Sources */,
				4C44E82E2AC11C230045DBAC /* Cache.swift in Sources */,
				4C44E7FE2AC0CB570045DBAC /* PeopleListView.swift in Sources */,
				4C44E8302AC134380045DBAC /* NoResultsView.swift in Sources */,
				4C44E8182AC0F9520045DBAC /* SpeciesListView.swift in Sources */,
				4C44E81A2AC0F96F0045DBAC /* PlanetListView.swift in Sources */,
				4C44E8282AC107D40045DBAC /* ListView.swift in Sources */,
				4C44E80E2AC0F4F30045DBAC /* Vehicle.swift in Sources */,
				4C44E81E2AC101140045DBAC /* StarshipOverviewView.swift in Sources */,
				4C44E8222AC1016A0045DBAC /* SpeciesOverviewView.swift in Sources */,
				4C44E8102AC0F59F0045DBAC /* Species.swift in Sources */,
				4C44E7F92AC0AE4C0045DBAC /* SearchResult.swift in Sources */,
				4C44E8362AC14AC30045DBAC /* Sequence+Async.swift in Sources */,
				4C44E8122AC0F5E70045DBAC /* Planet.swift in Sources */,
				4C44E8202AC101460045DBAC /* VehicleOverviewView.swift in Sources */,
				4C44E8162AC0F9010045DBAC /* VehicleListView.swift in Sources */,
				4C44E8242AC101970045DBAC /* PlanetOverviewView.swift in Sources */,
			);
			runOnlyForDeploymentPostprocessing = 0;
		};
		4C44E7CC2AC088280045DBAC /* Sources */ = {
			isa = PBXSourcesBuildPhase;
			buildActionMask = 2147483647;
			files = (
				4C44E7D52AC088290045DBAC /* SWAPITests.swift in Sources */,
			);
			runOnlyForDeploymentPostprocessing = 0;
		};
		4C44E7D62AC088290045DBAC /* Sources */ = {
			isa = PBXSourcesBuildPhase;
			buildActionMask = 2147483647;
			files = (
				4C44E7DF2AC088290045DBAC /* SWAPIUITests.swift in Sources */,
				4C44E7E12AC088290045DBAC /* SWAPIUITestsLaunchTests.swift in Sources */,
			);
			runOnlyForDeploymentPostprocessing = 0;
		};
/* End PBXSourcesBuildPhase section */

/* Begin PBXTargetDependency section */
		4C44E7D22AC088280045DBAC /* PBXTargetDependency */ = {
			isa = PBXTargetDependency;
			target = 4C44E7BF2AC088270045DBAC /* SWAPI */;
			targetProxy = 4C44E7D12AC088280045DBAC /* PBXContainerItemProxy */;
		};
		4C44E7DC2AC088290045DBAC /* PBXTargetDependency */ = {
			isa = PBXTargetDependency;
			target = 4C44E7BF2AC088270045DBAC /* SWAPI */;
			targetProxy = 4C44E7DB2AC088290045DBAC /* PBXContainerItemProxy */;
		};
/* End PBXTargetDependency section */

/* Begin XCBuildConfiguration section */
		4C44E7E22AC088290045DBAC /* Debug */ = {
			isa = XCBuildConfiguration;
			buildSettings = {
				ALWAYS_SEARCH_USER_PATHS = NO;
				CLANG_ANALYZER_NONNULL = YES;
				CLANG_ANALYZER_NUMBER_OBJECT_CONVERSION = YES_AGGRESSIVE;
				CLANG_CXX_LANGUAGE_STANDARD = "gnu++20";
				CLANG_ENABLE_MODULES = YES;
				CLANG_ENABLE_OBJC_ARC = YES;
				CLANG_ENABLE_OBJC_WEAK = YES;
				CLANG_WARN_BLOCK_CAPTURE_AUTORELEASING = YES;
				CLANG_WARN_BOOL_CONVERSION = YES;
				CLANG_WARN_COMMA = YES;
				CLANG_WARN_CONSTANT_CONVERSION = YES;
				CLANG_WARN_DEPRECATED_OBJC_IMPLEMENTATIONS = YES;
				CLANG_WARN_DIRECT_OBJC_ISA_USAGE = YES_ERROR;
				CLANG_WARN_DOCUMENTATION_COMMENTS = YES;
				CLANG_WARN_EMPTY_BODY = YES;
				CLANG_WARN_ENUM_CONVERSION = YES;
				CLANG_WARN_INFINITE_RECURSION = YES;
				CLANG_WARN_INT_CONVERSION = YES;
				CLANG_WARN_NON_LITERAL_NULL_CONVERSION = YES;
				CLANG_WARN_OBJC_IMPLICIT_RETAIN_SELF = YES;
				CLANG_WARN_OBJC_LITERAL_CONVERSION = YES;
				CLANG_WARN_OBJC_ROOT_CLASS = YES_ERROR;
				CLANG_WARN_QUOTED_INCLUDE_IN_FRAMEWORK_HEADER = YES;
				CLANG_WARN_RANGE_LOOP_ANALYSIS = YES;
				CLANG_WARN_STRICT_PROTOTYPES = YES;
				CLANG_WARN_SUSPICIOUS_MOVE = YES;
				CLANG_WARN_UNGUARDED_AVAILABILITY = YES_AGGRESSIVE;
				CLANG_WARN_UNREACHABLE_CODE = YES;
				CLANG_WARN__DUPLICATE_METHOD_MATCH = YES;
				COPY_PHASE_STRIP = NO;
				DEBUG_INFORMATION_FORMAT = dwarf;
				ENABLE_STRICT_OBJC_MSGSEND = YES;
				ENABLE_TESTABILITY = YES;
				GCC_C_LANGUAGE_STANDARD = gnu11;
				GCC_DYNAMIC_NO_PIC = NO;
				GCC_NO_COMMON_BLOCKS = YES;
				GCC_OPTIMIZATION_LEVEL = 0;
				GCC_PREPROCESSOR_DEFINITIONS = (
					"DEBUG=1",
					"$(inherited)",
				);
				GCC_WARN_64_TO_32_BIT_CONVERSION = YES;
				GCC_WARN_ABOUT_RETURN_TYPE = YES_ERROR;
				GCC_WARN_UNDECLARED_SELECTOR = YES;
				GCC_WARN_UNINITIALIZED_AUTOS = YES_AGGRESSIVE;
				GCC_WARN_UNUSED_FUNCTION = YES;
				GCC_WARN_UNUSED_VARIABLE = YES;
				IPHONEOS_DEPLOYMENT_TARGET = 16.4;
				MTL_ENABLE_DEBUG_INFO = INCLUDE_SOURCE;
				MTL_FAST_MATH = YES;
				ONLY_ACTIVE_ARCH = YES;
				SDKROOT = iphoneos;
				SWIFT_ACTIVE_COMPILATION_CONDITIONS = DEBUG;
				SWIFT_OPTIMIZATION_LEVEL = "-Onone";
			};
			name = Debug;
		};
		4C44E7E32AC088290045DBAC /* Release */ = {
			isa = XCBuildConfiguration;
			buildSettings = {
				ALWAYS_SEARCH_USER_PATHS = NO;
				CLANG_ANALYZER_NONNULL = YES;
				CLANG_ANALYZER_NUMBER_OBJECT_CONVERSION = YES_AGGRESSIVE;
				CLANG_CXX_LANGUAGE_STANDARD = "gnu++20";
				CLANG_ENABLE_MODULES = YES;
				CLANG_ENABLE_OBJC_ARC = YES;
				CLANG_ENABLE_OBJC_WEAK = YES;
				CLANG_WARN_BLOCK_CAPTURE_AUTORELEASING = YES;
				CLANG_WARN_BOOL_CONVERSION = YES;
				CLANG_WARN_COMMA = YES;
				CLANG_WARN_CONSTANT_CONVERSION = YES;
				CLANG_WARN_DEPRECATED_OBJC_IMPLEMENTATIONS = YES;
				CLANG_WARN_DIRECT_OBJC_ISA_USAGE = YES_ERROR;
				CLANG_WARN_DOCUMENTATION_COMMENTS = YES;
				CLANG_WARN_EMPTY_BODY = YES;
				CLANG_WARN_ENUM_CONVERSION = YES;
				CLANG_WARN_INFINITE_RECURSION = YES;
				CLANG_WARN_INT_CONVERSION = YES;
				CLANG_WARN_NON_LITERAL_NULL_CONVERSION = YES;
				CLANG_WARN_OBJC_IMPLICIT_RETAIN_SELF = YES;
				CLANG_WARN_OBJC_LITERAL_CONVERSION = YES;
				CLANG_WARN_OBJC_ROOT_CLASS = YES_ERROR;
				CLANG_WARN_QUOTED_INCLUDE_IN_FRAMEWORK_HEADER = YES;
				CLANG_WARN_RANGE_LOOP_ANALYSIS = YES;
				CLANG_WARN_STRICT_PROTOTYPES = YES;
				CLANG_WARN_SUSPICIOUS_MOVE = YES;
				CLANG_WARN_UNGUARDED_AVAILABILITY = YES_AGGRESSIVE;
				CLANG_WARN_UNREACHABLE_CODE = YES;
				CLANG_WARN__DUPLICATE_METHOD_MATCH = YES;
				COPY_PHASE_STRIP = NO;
				DEBUG_INFORMATION_FORMAT = "dwarf-with-dsym";
				ENABLE_NS_ASSERTIONS = NO;
				ENABLE_STRICT_OBJC_MSGSEND = YES;
				GCC_C_LANGUAGE_STANDARD = gnu11;
				GCC_NO_COMMON_BLOCKS = YES;
				GCC_WARN_64_TO_32_BIT_CONVERSION = YES;
				GCC_WARN_ABOUT_RETURN_TYPE = YES_ERROR;
				GCC_WARN_UNDECLARED_SELECTOR = YES;
				GCC_WARN_UNINITIALIZED_AUTOS = YES_AGGRESSIVE;
				GCC_WARN_UNUSED_FUNCTION = YES;
				GCC_WARN_UNUSED_VARIABLE = YES;
				IPHONEOS_DEPLOYMENT_TARGET = 16.4;
				MTL_ENABLE_DEBUG_INFO = NO;
				MTL_FAST_MATH = YES;
				SDKROOT = iphoneos;
				SWIFT_COMPILATION_MODE = wholemodule;
				SWIFT_OPTIMIZATION_LEVEL = "-O";
				VALIDATE_PRODUCT = YES;
			};
			name = Release;
		};
		4C44E7E52AC088290045DBAC /* Debug */ = {
			isa = XCBuildConfiguration;
			buildSettings = {
				ASSETCATALOG_COMPILER_APPICON_NAME = AppIcon;
				ASSETCATALOG_COMPILER_GLOBAL_ACCENT_COLOR_NAME = AccentColor;
				CODE_SIGN_STYLE = Automatic;
				CURRENT_PROJECT_VERSION = 1;
				DEVELOPMENT_ASSET_PATHS = "\"SWAPI/Preview Content\"";
				DEVELOPMENT_TEAM = K5ZJLTFVCL;
				ENABLE_PREVIEWS = YES;
				GENERATE_INFOPLIST_FILE = YES;
				INFOPLIST_KEY_UIApplicationSceneManifest_Generation = YES;
				INFOPLIST_KEY_UIApplicationSupportsIndirectInputEvents = YES;
				INFOPLIST_KEY_UILaunchScreen_Generation = YES;
				INFOPLIST_KEY_UISupportedInterfaceOrientations_iPad = "UIInterfaceOrientationPortrait UIInterfaceOrientationPortraitUpsideDown UIInterfaceOrientationLandscapeLeft UIInterfaceOrientationLandscapeRight";
				INFOPLIST_KEY_UISupportedInterfaceOrientations_iPhone = "UIInterfaceOrientationPortrait UIInterfaceOrientationLandscapeLeft UIInterfaceOrientationLandscapeRight";
				LD_RUNPATH_SEARCH_PATHS = (
					"$(inherited)",
					"@executable_path/Frameworks",
				);
				MARKETING_VERSION = 1.0;
				PRODUCT_BUNDLE_IDENTIFIER = dev.oddmagnet.SWAPI;
				PRODUCT_NAME = "$(TARGET_NAME)";
				SWIFT_EMIT_LOC_STRINGS = YES;
				SWIFT_VERSION = 5.0;
				TARGETED_DEVICE_FAMILY = "1,2";
			};
			name = Debug;
		};
		4C44E7E62AC088290045DBAC /* Release */ = {
			isa = XCBuildConfiguration;
			buildSettings = {
				ASSETCATALOG_COMPILER_APPICON_NAME = AppIcon;
				ASSETCATALOG_COMPILER_GLOBAL_ACCENT_COLOR_NAME = AccentColor;
				CODE_SIGN_STYLE = Automatic;
				CURRENT_PROJECT_VERSION = 1;
				DEVELOPMENT_ASSET_PATHS = "\"SWAPI/Preview Content\"";
				DEVELOPMENT_TEAM = K5ZJLTFVCL;
				ENABLE_PREVIEWS = YES;
				GENERATE_INFOPLIST_FILE = YES;
				INFOPLIST_KEY_UIApplicationSceneManifest_Generation = YES;
				INFOPLIST_KEY_UIApplicationSupportsIndirectInputEvents = YES;
				INFOPLIST_KEY_UILaunchScreen_Generation = YES;
				INFOPLIST_KEY_UISupportedInterfaceOrientations_iPad = "UIInterfaceOrientationPortrait UIInterfaceOrientationPortraitUpsideDown UIInterfaceOrientationLandscapeLeft UIInterfaceOrientationLandscapeRight";
				INFOPLIST_KEY_UISupportedInterfaceOrientations_iPhone = "UIInterfaceOrientationPortrait UIInterfaceOrientationLandscapeLeft UIInterfaceOrientationLandscapeRight";
				LD_RUNPATH_SEARCH_PATHS = (
					"$(inherited)",
					"@executable_path/Frameworks",
				);
				MARKETING_VERSION = 1.0;
				PRODUCT_BUNDLE_IDENTIFIER = dev.oddmagnet.SWAPI;
				PRODUCT_NAME = "$(TARGET_NAME)";
				SWIFT_EMIT_LOC_STRINGS = YES;
				SWIFT_VERSION = 5.0;
				TARGETED_DEVICE_FAMILY = "1,2";
			};
			name = Release;
		};
		4C44E7E82AC088290045DBAC /* Debug */ = {
			isa = XCBuildConfiguration;
			buildSettings = {
				ALWAYS_EMBED_SWIFT_STANDARD_LIBRARIES = YES;
				BUNDLE_LOADER = "$(TEST_HOST)";
				CODE_SIGN_STYLE = Automatic;
				CURRENT_PROJECT_VERSION = 1;
				DEVELOPMENT_TEAM = K5ZJLTFVCL;
				GENERATE_INFOPLIST_FILE = YES;
				IPHONEOS_DEPLOYMENT_TARGET = 16.4;
				MARKETING_VERSION = 1.0;
				PRODUCT_BUNDLE_IDENTIFIER = dev.oddmagnet.SWAPITests;
				PRODUCT_NAME = "$(TARGET_NAME)";
				SWIFT_EMIT_LOC_STRINGS = NO;
				SWIFT_VERSION = 5.0;
				TARGETED_DEVICE_FAMILY = "1,2";
				TEST_HOST = "$(BUILT_PRODUCTS_DIR)/SWAPI.app/$(BUNDLE_EXECUTABLE_FOLDER_PATH)/SWAPI";
			};
			name = Debug;
		};
		4C44E7E92AC088290045DBAC /* Release */ = {
			isa = XCBuildConfiguration;
			buildSettings = {
				ALWAYS_EMBED_SWIFT_STANDARD_LIBRARIES = YES;
				BUNDLE_LOADER = "$(TEST_HOST)";
				CODE_SIGN_STYLE = Automatic;
				CURRENT_PROJECT_VERSION = 1;
				DEVELOPMENT_TEAM = K5ZJLTFVCL;
				GENERATE_INFOPLIST_FILE = YES;
				IPHONEOS_DEPLOYMENT_TARGET = 16.4;
				MARKETING_VERSION = 1.0;
				PRODUCT_BUNDLE_IDENTIFIER = dev.oddmagnet.SWAPITests;
				PRODUCT_NAME = "$(TARGET_NAME)";
				SWIFT_EMIT_LOC_STRINGS = NO;
				SWIFT_VERSION = 5.0;
				TARGETED_DEVICE_FAMILY = "1,2";
				TEST_HOST = "$(BUILT_PRODUCTS_DIR)/SWAPI.app/$(BUNDLE_EXECUTABLE_FOLDER_PATH)/SWAPI";
			};
			name = Release;
		};
		4C44E7EB2AC088290045DBAC /* Debug */ = {
			isa = XCBuildConfiguration;
			buildSettings = {
				ALWAYS_EMBED_SWIFT_STANDARD_LIBRARIES = YES;
				CODE_SIGN_STYLE = Automatic;
				CURRENT_PROJECT_VERSION = 1;
				DEVELOPMENT_TEAM = K5ZJLTFVCL;
				GENERATE_INFOPLIST_FILE = YES;
				MARKETING_VERSION = 1.0;
				PRODUCT_BUNDLE_IDENTIFIER = dev.oddmagnet.SWAPIUITests;
				PRODUCT_NAME = "$(TARGET_NAME)";
				SWIFT_EMIT_LOC_STRINGS = NO;
				SWIFT_VERSION = 5.0;
				TARGETED_DEVICE_FAMILY = "1,2";
				TEST_TARGET_NAME = SWAPI;
			};
			name = Debug;
		};
		4C44E7EC2AC088290045DBAC /* Release */ = {
			isa = XCBuildConfiguration;
			buildSettings = {
				ALWAYS_EMBED_SWIFT_STANDARD_LIBRARIES = YES;
				CODE_SIGN_STYLE = Automatic;
				CURRENT_PROJECT_VERSION = 1;
				DEVELOPMENT_TEAM = K5ZJLTFVCL;
				GENERATE_INFOPLIST_FILE = YES;
				MARKETING_VERSION = 1.0;
				PRODUCT_BUNDLE_IDENTIFIER = dev.oddmagnet.SWAPIUITests;
				PRODUCT_NAME = "$(TARGET_NAME)";
				SWIFT_EMIT_LOC_STRINGS = NO;
				SWIFT_VERSION = 5.0;
				TARGETED_DEVICE_FAMILY = "1,2";
				TEST_TARGET_NAME = SWAPI;
			};
			name = Release;
		};
/* End XCBuildConfiguration section */

/* Begin XCConfigurationList section */
		4C44E7BB2AC088270045DBAC /* Build configuration list for PBXProject "SWAPI" */ = {
			isa = XCConfigurationList;
			buildConfigurations = (
				4C44E7E22AC088290045DBAC /* Debug */,
				4C44E7E32AC088290045DBAC /* Release */,
			);
			defaultConfigurationIsVisible = 0;
			defaultConfigurationName = Release;
		};
		4C44E7E42AC088290045DBAC /* Build configuration list for PBXNativeTarget "SWAPI" */ = {
			isa = XCConfigurationList;
			buildConfigurations = (
				4C44E7E52AC088290045DBAC /* Debug */,
				4C44E7E62AC088290045DBAC /* Release */,
			);
			defaultConfigurationIsVisible = 0;
			defaultConfigurationName = Release;
		};
		4C44E7E72AC088290045DBAC /* Build configuration list for PBXNativeTarget "SWAPITests" */ = {
			isa = XCConfigurationList;
			buildConfigurations = (
				4C44E7E82AC088290045DBAC /* Debug */,
				4C44E7E92AC088290045DBAC /* Release */,
			);
			defaultConfigurationIsVisible = 0;
			defaultConfigurationName = Release;
		};
		4C44E7EA2AC088290045DBAC /* Build configuration list for PBXNativeTarget "SWAPIUITests" */ = {
			isa = XCConfigurationList;
			buildConfigurations = (
				4C44E7EB2AC088290045DBAC /* Debug */,
				4C44E7EC2AC088290045DBAC /* Release */,
			);
			defaultConfigurationIsVisible = 0;
			defaultConfigurationName = Release;
		};
/* End XCConfigurationList section */
	};
	rootObject = 4C44E7B82AC088270045DBAC /* Project object */;
}
